// !$*UTF8*$!
{
	archiveVersion = 1;
	classes = {
	};
	objectVersion = 56;
	objects = {

/* Begin PBXBuildFile section */
		2E41A3CB2AA653F70032B4B5 /* LandmarkTutorialApp.swift in Sources */ = {isa = PBXBuildFile; fileRef = 2E41A3CA2AA653F70032B4B5 /* LandmarkTutorialApp.swift */; };
		2E41A3CD2AA653F70032B4B5 /* ContentView.swift in Sources */ = {isa = PBXBuildFile; fileRef = 2E41A3CC2AA653F70032B4B5 /* ContentView.swift */; };
		2E41A3CF2AA653F90032B4B5 /* Assets.xcassets in Resources */ = {isa = PBXBuildFile; fileRef = 2E41A3CE2AA653F90032B4B5 /* Assets.xcassets */; };
		2E41A3D22AA653F90032B4B5 /* Preview Assets.xcassets in Resources */ = {isa = PBXBuildFile; fileRef = 2E41A3D12AA653F90032B4B5 /* Preview Assets.xcassets */; };
		2E41A3DC2AA653FA0032B4B5 /* LandmarkTutorialTests.swift in Sources */ = {isa = PBXBuildFile; fileRef = 2E41A3DB2AA653FA0032B4B5 /* LandmarkTutorialTests.swift */; };
		2E41A3E62AA653FA0032B4B5 /* LandmarkTutorialUITests.swift in Sources */ = {isa = PBXBuildFile; fileRef = 2E41A3E52AA653FA0032B4B5 /* LandmarkTutorialUITests.swift */; };
		2E41A3E82AA653FA0032B4B5 /* LandmarkTutorialUITestsLaunchTests.swift in Sources */ = {isa = PBXBuildFile; fileRef = 2E41A3E72AA653FA0032B4B5 /* LandmarkTutorialUITestsLaunchTests.swift */; };
		2E41A3F52AA65F330032B4B5 /* CircleImage.swift in Sources */ = {isa = PBXBuildFile; fileRef = 2E41A3F42AA65F330032B4B5 /* CircleImage.swift */; };
		2E41A3F72AA660440032B4B5 /* MapView.swift in Sources */ = {isa = PBXBuildFile; fileRef = 2E41A3F62AA660440032B4B5 /* MapView.swift */; };
/* End PBXBuildFile section */

/* Begin PBXContainerItemProxy section */
		2E41A3D82AA653FA0032B4B5 /* PBXContainerItemProxy */ = {
			isa = PBXContainerItemProxy;
			containerPortal = 2E41A3BF2AA653F70032B4B5 /* Project object */;
			proxyType = 1;
			remoteGlobalIDString = 2E41A3C62AA653F70032B4B5;
			remoteInfo = LandmarkTutorial;
		};
		2E41A3E22AA653FA0032B4B5 /* PBXContainerItemProxy */ = {
			isa = PBXContainerItemProxy;
			containerPortal = 2E41A3BF2AA653F70032B4B5 /* Project object */;
			proxyType = 1;
			remoteGlobalIDString = 2E41A3C62AA653F70032B4B5;
			remoteInfo = LandmarkTutorial;
		};
/* End PBXContainerItemProxy section */

/* Begin PBXFileReference section */
		2E41A3C72AA653F70032B4B5 /* LandmarkTutorial.app */ = {isa = PBXFileReference; explicitFileType = wrapper.application; includeInIndex = 0; path = LandmarkTutorial.app; sourceTree = BUILT_PRODUCTS_DIR; };
		2E41A3CA2AA653F70032B4B5 /* LandmarkTutorialApp.swift */ = {isa = PBXFileReference; lastKnownFileType = sourcecode.swift; path = LandmarkTutorialApp.swift; sourceTree = "<group>"; };
		2E41A3CC2AA653F70032B4B5 /* ContentView.swift */ = {isa = PBXFileReference; lastKnownFileType = sourcecode.swift; path = ContentView.swift; sourceTree = "<group>"; };
		2E41A3CE2AA653F90032B4B5 /* Assets.xcassets */ = {isa = PBXFileReference; lastKnownFileType = folder.assetcatalog; path = Assets.xcassets; sourceTree = "<group>"; };
		2E41A3D12AA653F90032B4B5 /* Preview Assets.xcassets */ = {isa = PBXFileReference; lastKnownFileType = folder.assetcatalog; path = "Preview Assets.xcassets"; sourceTree = "<group>"; };
		2E41A3D72AA653FA0032B4B5 /* LandmarkTutorialTests.xctest */ = {isa = PBXFileReference; explicitFileType = wrapper.cfbundle; includeInIndex = 0; path = LandmarkTutorialTests.xctest; sourceTree = BUILT_PRODUCTS_DIR; };
		2E41A3DB2AA653FA0032B4B5 /* LandmarkTutorialTests.swift */ = {isa = PBXFileReference; lastKnownFileType = sourcecode.swift; path = LandmarkTutorialTests.swift; sourceTree = "<group>"; };
		2E41A3E12AA653FA0032B4B5 /* LandmarkTutorialUITests.xctest */ = {isa = PBXFileReference; explicitFileType = wrapper.cfbundle; includeInIndex = 0; path = LandmarkTutorialUITests.xctest; sourceTree = BUILT_PRODUCTS_DIR; };
		2E41A3E52AA653FA0032B4B5 /* LandmarkTutorialUITests.swift */ = {isa = PBXFileReference; lastKnownFileType = sourcecode.swift; path = LandmarkTutorialUITests.swift; sourceTree = "<group>"; };
		2E41A3E72AA653FA0032B4B5 /* LandmarkTutorialUITestsLaunchTests.swift */ = {isa = PBXFileReference; lastKnownFileType = sourcecode.swift; path = LandmarkTutorialUITestsLaunchTests.swift; sourceTree = "<group>"; };
		2E41A3F42AA65F330032B4B5 /* CircleImage.swift */ = {isa = PBXFileReference; lastKnownFileType = sourcecode.swift; path = CircleImage.swift; sourceTree = "<group>"; };
		2E41A3F62AA660440032B4B5 /* MapView.swift */ = {isa = PBXFileReference; lastKnownFileType = sourcecode.swift; path = MapView.swift; sourceTree = "<group>"; };
/* End PBXFileReference section */

/* Begin PBXFrameworksBuildPhase section */
		2E41A3C42AA653F70032B4B5 /* Frameworks */ = {
			isa = PBXFrameworksBuildPhase;
			buildActionMask = 2147483647;
			files = (
			);
			runOnlyForDeploymentPostprocessing = 0;
		};
		2E41A3D42AA653FA0032B4B5 /* Frameworks */ = {
			isa = PBXFrameworksBuildPhase;
			buildActionMask = 2147483647;
			files = (
			);
			runOnlyForDeploymentPostprocessing = 0;
		};
		2E41A3DE2AA653FA0032B4B5 /* Frameworks */ = {
			isa = PBXFrameworksBuildPhase;
			buildActionMask = 2147483647;
			files = (
			);
			runOnlyForDeploymentPostprocessing = 0;
		};
/* End PBXFrameworksBuildPhase section */

/* Begin PBXGroup section */
		2E41A3BE2AA653F70032B4B5 = {
			isa = PBXGroup;
			children = (
				2E41A3C92AA653F70032B4B5 /* LandmarkTutorial */,
				2E41A3DA2AA653FA0032B4B5 /* LandmarkTutorialTests */,
				2E41A3E42AA653FA0032B4B5 /* LandmarkTutorialUITests */,
				2E41A3C82AA653F70032B4B5 /* Products */,
			);
			sourceTree = "<group>";
		};
		2E41A3C82AA653F70032B4B5 /* Products */ = {
			isa = PBXGroup;
			children = (
				2E41A3C72AA653F70032B4B5 /* LandmarkTutorial.app */,
				2E41A3D72AA653FA0032B4B5 /* LandmarkTutorialTests.xctest */,
				2E41A3E12AA653FA0032B4B5 /* LandmarkTutorialUITests.xctest */,
			);
			name = Products;
			sourceTree = "<group>";
		};
		2E41A3C92AA653F70032B4B5 /* LandmarkTutorial */ = {
			isa = PBXGroup;
			children = (
				2E41A3CA2AA653F70032B4B5 /* LandmarkTutorialApp.swift */,
				2E41A3CC2AA653F70032B4B5 /* ContentView.swift */,
				2E41A3CE2AA653F90032B4B5 /* Assets.xcassets */,
				2E41A3F42AA65F330032B4B5 /* CircleImage.swift */,
				2E41A3F62AA660440032B4B5 /* MapView.swift */,
				2E41A3D02AA653F90032B4B5 /* Preview Content */,
			);
			path = LandmarkTutorial;
			sourceTree = "<group>";
		};
		2E41A3D02AA653F90032B4B5 /* Preview Content */ = {
			isa = PBXGroup;
			children = (
				2E41A3D12AA653F90032B4B5 /* Preview Assets.xcassets */,
			);
			path = "Preview Content";
			sourceTree = "<group>";
		};
		2E41A3DA2AA653FA0032B4B5 /* LandmarkTutorialTests */ = {
			isa = PBXGroup;
			children = (
				2E41A3DB2AA653FA0032B4B5 /* LandmarkTutorialTests.swift */,
			);
			path = LandmarkTutorialTests;
			sourceTree = "<group>";
		};
		2E41A3E42AA653FA0032B4B5 /* LandmarkTutorialUITests */ = {
			isa = PBXGroup;
			children = (
				2E41A3E52AA653FA0032B4B5 /* LandmarkTutorialUITests.swift */,
				2E41A3E72AA653FA0032B4B5 /* LandmarkTutorialUITestsLaunchTests.swift */,
			);
			path = LandmarkTutorialUITests;
			sourceTree = "<group>";
		};
/* End PBXGroup section */

/* Begin PBXNativeTarget section */
		2E41A3C62AA653F70032B4B5 /* LandmarkTutorial */ = {
			isa = PBXNativeTarget;
			buildConfigurationList = 2E41A3EB2AA653FA0032B4B5 /* Build configuration list for PBXNativeTarget "LandmarkTutorial" */;
			buildPhases = (
				2E41A3C32AA653F70032B4B5 /* Sources */,
				2E41A3C42AA653F70032B4B5 /* Frameworks */,
				2E41A3C52AA653F70032B4B5 /* Resources */,
			);
			buildRules = (
			);
			dependencies = (
			);
			name = LandmarkTutorial;
			productName = LandmarkTutorial;
			productReference = 2E41A3C72AA653F70032B4B5 /* LandmarkTutorial.app */;
			productType = "com.apple.product-type.application";
		};
		2E41A3D62AA653FA0032B4B5 /* LandmarkTutorialTests */ = {
			isa = PBXNativeTarget;
			buildConfigurationList = 2E41A3EE2AA653FA0032B4B5 /* Build configuration list for PBXNativeTarget "LandmarkTutorialTests" */;
			buildPhases = (
				2E41A3D32AA653FA0032B4B5 /* Sources */,
				2E41A3D42AA653FA0032B4B5 /* Frameworks */,
				2E41A3D52AA653FA0032B4B5 /* Resources */,
			);
			buildRules = (
			);
			dependencies = (
				2E41A3D92AA653FA0032B4B5 /* PBXTargetDependency */,
			);
			name = LandmarkTutorialTests;
			productName = LandmarkTutorialTests;
			productReference = 2E41A3D72AA653FA0032B4B5 /* LandmarkTutorialTests.xctest */;
			productType = "com.apple.product-type.bundle.unit-test";
		};
		2E41A3E02AA653FA0032B4B5 /* LandmarkTutorialUITests */ = {
			isa = PBXNativeTarget;
			buildConfigurationList = 2E41A3F12AA653FA0032B4B5 /* Build configuration list for PBXNativeTarget "LandmarkTutorialUITests" */;
			buildPhases = (
				2E41A3DD2AA653FA0032B4B5 /* Sources */,
				2E41A3DE2AA653FA0032B4B5 /* Frameworks */,
				2E41A3DF2AA653FA0032B4B5 /* Resources */,
			);
			buildRules = (
			);
			dependencies = (
				2E41A3E32AA653FA0032B4B5 /* PBXTargetDependency */,
			);
			name = LandmarkTutorialUITests;
			productName = LandmarkTutorialUITests;
			productReference = 2E41A3E12AA653FA0032B4B5 /* LandmarkTutorialUITests.xctest */;
			productType = "com.apple.product-type.bundle.ui-testing";
		};
/* End PBXNativeTarget section */

/* Begin PBXProject section */
		2E41A3BF2AA653F70032B4B5 /* Project object */ = {
			isa = PBXProject;
			attributes = {
				BuildIndependentTargetsInParallel = 1;
				LastSwiftUpdateCheck = 1500;
				LastUpgradeCheck = 1500;
				TargetAttributes = {
					2E41A3C62AA653F70032B4B5 = {
						CreatedOnToolsVersion = 15.0;
					};
					2E41A3D62AA653FA0032B4B5 = {
						CreatedOnToolsVersion = 15.0;
						TestTargetID = 2E41A3C62AA653F70032B4B5;
					};
					2E41A3E02AA653FA0032B4B5 = {
						CreatedOnToolsVersion = 15.0;
						TestTargetID = 2E41A3C62AA653F70032B4B5;
					};
				};
			};
			buildConfigurationList = 2E41A3C22AA653F70032B4B5 /* Build configuration list for PBXProject "LandmarkTutorial" */;
			compatibilityVersion = "Xcode 14.0";
			developmentRegion = en;
			hasScannedForEncodings = 0;
			knownRegions = (
				en,
				Base,
			);
			mainGroup = 2E41A3BE2AA653F70032B4B5;
			productRefGroup = 2E41A3C82AA653F70032B4B5 /* Products */;
			projectDirPath = "";
			projectRoot = "";
			targets = (
				2E41A3C62AA653F70032B4B5 /* LandmarkTutorial */,
				2E41A3D62AA653FA0032B4B5 /* LandmarkTutorialTests */,
				2E41A3E02AA653FA0032B4B5 /* LandmarkTutorialUITests */,
			);
		};
/* End PBXProject section */

/* Begin PBXResourcesBuildPhase section */
		2E41A3C52AA653F70032B4B5 /* Resources */ = {
			isa = PBXResourcesBuildPhase;
			buildActionMask = 2147483647;
			files = (
				2E41A3D22AA653F90032B4B5 /* Preview Assets.xcassets in Resources */,
				2E41A3CF2AA653F90032B4B5 /* Assets.xcassets in Resources */,
			);
			runOnlyForDeploymentPostprocessing = 0;
		};
		2E41A3D52AA653FA0032B4B5 /* Resources */ = {
			isa = PBXResourcesBuildPhase;
			buildActionMask = 2147483647;
			files = (
			);
			runOnlyForDeploymentPostprocessing = 0;
		};
		2E41A3DF2AA653FA0032B4B5 /* Resources */ = {
			isa = PBXResourcesBuildPhase;
			buildActionMask = 2147483647;
			files = (
			);
			runOnlyForDeploymentPostprocessing = 0;
		};
/* End PBXResourcesBuildPhase section */

/* Begin PBXSourcesBuildPhase section */
		2E41A3C32AA653F70032B4B5 /* Sources */ = {
			isa = PBXSourcesBuildPhase;
			buildActionMask = 2147483647;
			files = (
				2E41A3CD2AA653F70032B4B5 /* ContentView.swift in Sources */,
				2E41A3F72AA660440032B4B5 /* MapView.swift in Sources */,
				2E41A3CB2AA653F70032B4B5 /* LandmarkTutorialApp.swift in Sources */,
				2E41A3F52AA65F330032B4B5 /* CircleImage.swift in Sources */,
			);
			runOnlyForDeploymentPostprocessing = 0;
		};
		2E41A3D32AA653FA0032B4B5 /* Sources */ = {
			isa = PBXSourcesBuildPhase;
			buildActionMask = 2147483647;
			files = (
				2E41A3DC2AA653FA0032B4B5 /* LandmarkTutorialTests.swift in Sources */,
			);
			runOnlyForDeploymentPostprocessing = 0;
		};
		2E41A3DD2AA653FA0032B4B5 /* Sources */ = {
			isa = PBXSourcesBuildPhase;
			buildActionMask = 2147483647;
			files = (
				2E41A3E82AA653FA0032B4B5 /* LandmarkTutorialUITestsLaunchTests.swift in Sources */,
				2E41A3E62AA653FA0032B4B5 /* LandmarkTutorialUITests.swift in Sources */,
			);
			runOnlyForDeploymentPostprocessing = 0;
		};
/* End PBXSourcesBuildPhase section */

/* Begin PBXTargetDependency section */
		2E41A3D92AA653FA0032B4B5 /* PBXTargetDependency */ = {
			isa = PBXTargetDependency;
			target = 2E41A3C62AA653F70032B4B5 /* LandmarkTutorial */;
			targetProxy = 2E41A3D82AA653FA0032B4B5 /* PBXContainerItemProxy */;
		};
		2E41A3E32AA653FA0032B4B5 /* PBXTargetDependency */ = {
			isa = PBXTargetDependency;
			target = 2E41A3C62AA653F70032B4B5 /* LandmarkTutorial */;
			targetProxy = 2E41A3E22AA653FA0032B4B5 /* PBXContainerItemProxy */;
		};
/* End PBXTargetDependency section */

/* Begin XCBuildConfiguration section */
		2E41A3E92AA653FA0032B4B5 /* Debug */ = {
			isa = XCBuildConfiguration;
			buildSettings = {
				ALWAYS_SEARCH_USER_PATHS = NO;
				ASSETCATALOG_COMPILER_GENERATE_SWIFT_ASSET_SYMBOL_EXTENSIONS = YES;
				CLANG_ANALYZER_NONNULL = YES;
				CLANG_ANALYZER_NUMBER_OBJECT_CONVERSION = YES_AGGRESSIVE;
				CLANG_CXX_LANGUAGE_STANDARD = "gnu++20";
				CLANG_ENABLE_MODULES = YES;
				CLANG_ENABLE_OBJC_ARC = YES;
				CLANG_ENABLE_OBJC_WEAK = YES;
				CLANG_WARN_BLOCK_CAPTURE_AUTORELEASING = YES;
				CLANG_WARN_BOOL_CONVERSION = YES;
				CLANG_WARN_COMMA = YES;
				CLANG_WARN_CONSTANT_CONVERSION = YES;
				CLANG_WARN_DEPRECATED_OBJC_IMPLEMENTATIONS = YES;
				CLANG_WARN_DIRECT_OBJC_ISA_USAGE = YES_ERROR;
				CLANG_WARN_DOCUMENTATION_COMMENTS = YES;
				CLANG_WARN_EMPTY_BODY = YES;
				CLANG_WARN_ENUM_CONVERSION = YES;
				CLANG_WARN_INFINITE_RECURSION = YES;
				CLANG_WARN_INT_CONVERSION = YES;
				CLANG_WARN_NON_LITERAL_NULL_CONVERSION = YES;
				CLANG_WARN_OBJC_IMPLICIT_RETAIN_SELF = YES;
				CLANG_WARN_OBJC_LITERAL_CONVERSION = YES;
				CLANG_WARN_OBJC_ROOT_CLASS = YES_ERROR;
				CLANG_WARN_QUOTED_INCLUDE_IN_FRAMEWORK_HEADER = YES;
				CLANG_WARN_RANGE_LOOP_ANALYSIS = YES;
				CLANG_WARN_STRICT_PROTOTYPES = YES;
				CLANG_WARN_SUSPICIOUS_MOVE = YES;
				CLANG_WARN_UNGUARDED_AVAILABILITY = YES_AGGRESSIVE;
				CLANG_WARN_UNREACHABLE_CODE = YES;
				CLANG_WARN__DUPLICATE_METHOD_MATCH = YES;
				COPY_PHASE_STRIP = NO;
				DEBUG_INFORMATION_FORMAT = dwarf;
				ENABLE_STRICT_OBJC_MSGSEND = YES;
				ENABLE_TESTABILITY = YES;
				ENABLE_USER_SCRIPT_SANDBOXING = YES;
				GCC_C_LANGUAGE_STANDARD = gnu17;
				GCC_DYNAMIC_NO_PIC = NO;
				GCC_NO_COMMON_BLOCKS = YES;
				GCC_OPTIMIZATION_LEVEL = 0;
				GCC_PREPROCESSOR_DEFINITIONS = (
					"DEBUG=1",
					"$(inherited)",
				);
				GCC_WARN_64_TO_32_BIT_CONVERSION = YES;
				GCC_WARN_ABOUT_RETURN_TYPE = YES_ERROR;
				GCC_WARN_UNDECLARED_SELECTOR = YES;
				GCC_WARN_UNINITIALIZED_AUTOS = YES_AGGRESSIVE;
				GCC_WARN_UNUSED_FUNCTION = YES;
				GCC_WARN_UNUSED_VARIABLE = YES;
				IPHONEOS_DEPLOYMENT_TARGET = 17.0;
				LOCALIZATION_PREFERS_STRING_CATALOGS = YES;
				MTL_ENABLE_DEBUG_INFO = INCLUDE_SOURCE;
				MTL_FAST_MATH = YES;
				ONLY_ACTIVE_ARCH = YES;
				SDKROOT = iphoneos;
				SWIFT_ACTIVE_COMPILATION_CONDITIONS = "DEBUG $(inherited)";
				SWIFT_OPTIMIZATION_LEVEL = "-Onone";
			};
			name = Debug;
		};
		2E41A3EA2AA653FA0032B4B5 /* Release */ = {
			isa = XCBuildConfiguration;
			buildSettings = {
				ALWAYS_SEARCH_USER_PATHS = NO;
				ASSETCATALOG_COMPILER_GENERATE_SWIFT_ASSET_SYMBOL_EXTENSIONS = YES;
				CLANG_ANALYZER_NONNULL = YES;
				CLANG_ANALYZER_NUMBER_OBJECT_CONVERSION = YES_AGGRESSIVE;
				CLANG_CXX_LANGUAGE_STANDARD = "gnu++20";
				CLANG_ENABLE_MODULES = YES;
				CLANG_ENABLE_OBJC_ARC = YES;
				CLANG_ENABLE_OBJC_WEAK = YES;
				CLANG_WARN_BLOCK_CAPTURE_AUTORELEASING = YES;
				CLANG_WARN_BOOL_CONVERSION = YES;
				CLANG_WARN_COMMA = YES;
				CLANG_WARN_CONSTANT_CONVERSION = YES;
				CLANG_WARN_DEPRECATED_OBJC_IMPLEMENTATIONS = YES;
				CLANG_WARN_DIRECT_OBJC_ISA_USAGE = YES_ERROR;
				CLANG_WARN_DOCUMENTATION_COMMENTS = YES;
				CLANG_WARN_EMPTY_BODY = YES;
				CLANG_WARN_ENUM_CONVERSION = YES;
				CLANG_WARN_INFINITE_RECURSION = YES;
				CLANG_WARN_INT_CONVERSION = YES;
				CLANG_WARN_NON_LITERAL_NULL_CONVERSION = YES;
				CLANG_WARN_OBJC_IMPLICIT_RETAIN_SELF = YES;
				CLANG_WARN_OBJC_LITERAL_CONVERSION = YES;
				CLANG_WARN_OBJC_ROOT_CLASS = YES_ERROR;
				CLANG_WARN_QUOTED_INCLUDE_IN_FRAMEWORK_HEADER = YES;
				CLANG_WARN_RANGE_LOOP_ANALYSIS = YES;
				CLANG_WARN_STRICT_PROTOTYPES = YES;
				CLANG_WARN_SUSPICIOUS_MOVE = YES;
				CLANG_WARN_UNGUARDED_AVAILABILITY = YES_AGGRESSIVE;
				CLANG_WARN_UNREACHABLE_CODE = YES;
				CLANG_WARN__DUPLICATE_METHOD_MATCH = YES;
				COPY_PHASE_STRIP = NO;
				DEBUG_INFORMATION_FORMAT = "dwarf-with-dsym";
				ENABLE_NS_ASSERTIONS = NO;
				ENABLE_STRICT_OBJC_MSGSEND = YES;
				ENABLE_USER_SCRIPT_SANDBOXING = YES;
				GCC_C_LANGUAGE_STANDARD = gnu17;
				GCC_NO_COMMON_BLOCKS = YES;
				GCC_WARN_64_TO_32_BIT_CONVERSION = YES;
				GCC_WARN_ABOUT_RETURN_TYPE = YES_ERROR;
				GCC_WARN_UNDECLARED_SELECTOR = YES;
				GCC_WARN_UNINITIALIZED_AUTOS = YES_AGGRESSIVE;
				GCC_WARN_UNUSED_FUNCTION = YES;
				GCC_WARN_UNUSED_VARIABLE = YES;
				IPHONEOS_DEPLOYMENT_TARGET = 17.0;
				LOCALIZATION_PREFERS_STRING_CATALOGS = YES;
				MTL_ENABLE_DEBUG_INFO = NO;
				MTL_FAST_MATH = YES;
				SDKROOT = iphoneos;
				SWIFT_COMPILATION_MODE = wholemodule;
				VALIDATE_PRODUCT = YES;
			};
			name = Release;
		};
		2E41A3EC2AA653FA0032B4B5 /* Debug */ = {
			isa = XCBuildConfiguration;
			buildSettings = {
				ASSETCATALOG_COMPILER_APPICON_NAME = AppIcon;
				ASSETCATALOG_COMPILER_GLOBAL_ACCENT_COLOR_NAME = AccentColor;
				CODE_SIGN_STYLE = Automatic;
				CURRENT_PROJECT_VERSION = 1;
				DEVELOPMENT_ASSET_PATHS = "\"LandmarkTutorial/Preview Content\"";
				DEVELOPMENT_TEAM = G9D42NN7Q4;
				ENABLE_PREVIEWS = YES;
				GENERATE_INFOPLIST_FILE = YES;
				INFOPLIST_KEY_UIApplicationSceneManifest_Generation = YES;
				INFOPLIST_KEY_UIApplicationSupportsIndirectInputEvents = YES;
				INFOPLIST_KEY_UILaunchScreen_Generation = YES;
				INFOPLIST_KEY_UISupportedInterfaceOrientations_iPad = "UIInterfaceOrientationPortrait UIInterfaceOrientationPortraitUpsideDown UIInterfaceOrientationLandscapeLeft UIInterfaceOrientationLandscapeRight";
				INFOPLIST_KEY_UISupportedInterfaceOrientations_iPhone = "UIInterfaceOrientationPortrait UIInterfaceOrientationLandscapeLeft UIInterfaceOrientationLandscapeRight";
				LD_RUNPATH_SEARCH_PATHS = (
					"$(inherited)",
					"@executable_path/Frameworks",
				);
				MARKETING_VERSION = 1.0;
				PRODUCT_BUNDLE_IDENTIFIER = gaston.LandmarkTutorial;
				PRODUCT_NAME = "$(TARGET_NAME)";
				SWIFT_EMIT_LOC_STRINGS = YES;
				SWIFT_VERSION = 5.0;
				TARGETED_DEVICE_FAMILY = "1,2";
			};
			name = Debug;
		};
		2E41A3ED2AA653FA0032B4B5 /* Release */ = {
			isa = XCBuildConfiguration;
			buildSettings = {
				ASSETCATALOG_COMPILER_APPICON_NAME = AppIcon;
				ASSETCATALOG_COMPILER_GLOBAL_ACCENT_COLOR_NAME = AccentColor;
				CODE_SIGN_STYLE = Automatic;
				CURRENT_PROJECT_VERSION = 1;
				DEVELOPMENT_ASSET_PATHS = "\"LandmarkTutorial/Preview Content\"";
				DEVELOPMENT_TEAM = G9D42NN7Q4;
				ENABLE_PREVIEWS = YES;
				GENERATE_INFOPLIST_FILE = YES;
				INFOPLIST_KEY_UIApplicationSceneManifest_Generation = YES;
				INFOPLIST_KEY_UIApplicationSupportsIndirectInputEvents = YES;
				INFOPLIST_KEY_UILaunchScreen_Generation = YES;
				INFOPLIST_KEY_UISupportedInterfaceOrientations_iPad = "UIInterfaceOrientationPortrait UIInterfaceOrientationPortraitUpsideDown UIInterfaceOrientationLandscapeLeft UIInterfaceOrientationLandscapeRight";
				INFOPLIST_KEY_UISupportedInterfaceOrientations_iPhone = "UIInterfaceOrientationPortrait UIInterfaceOrientationLandscapeLeft UIInterfaceOrientationLandscapeRight";
				LD_RUNPATH_SEARCH_PATHS = (
					"$(inherited)",
					"@executable_path/Frameworks",
				);
				MARKETING_VERSION = 1.0;
				PRODUCT_BUNDLE_IDENTIFIER = gaston.LandmarkTutorial;
				PRODUCT_NAME = "$(TARGET_NAME)";
				SWIFT_EMIT_LOC_STRINGS = YES;
				SWIFT_VERSION = 5.0;
				TARGETED_DEVICE_FAMILY = "1,2";
			};
			name = Release;
		};
		2E41A3EF2AA653FA0032B4B5 /* Debug */ = {
			isa = XCBuildConfiguration;
			buildSettings = {
				ALWAYS_EMBED_SWIFT_STANDARD_LIBRARIES = YES;
				BUNDLE_LOADER = "$(TEST_HOST)";
				CODE_SIGN_STYLE = Automatic;
				CURRENT_PROJECT_VERSION = 1;
				DEVELOPMENT_TEAM = G9D42NN7Q4;
				GENERATE_INFOPLIST_FILE = YES;
				IPHONEOS_DEPLOYMENT_TARGET = 17.0;
				MARKETING_VERSION = 1.0;
				PRODUCT_BUNDLE_IDENTIFIER = gaston.LandmarkTutorialTests;
				PRODUCT_NAME = "$(TARGET_NAME)";
				SWIFT_EMIT_LOC_STRINGS = NO;
				SWIFT_VERSION = 5.0;
				TARGETED_DEVICE_FAMILY = "1,2";
				TEST_HOST = "$(BUILT_PRODUCTS_DIR)/LandmarkTutorial.app/$(BUNDLE_EXECUTABLE_FOLDER_PATH)/LandmarkTutorial";
			};
			name = Debug;
		};
		2E41A3F02AA653FA0032B4B5 /* Release */ = {
			isa = XCBuildConfiguration;
			buildSettings = {
				ALWAYS_EMBED_SWIFT_STANDARD_LIBRARIES = YES;
				BUNDLE_LOADER = "$(TEST_HOST)";
				CODE_SIGN_STYLE = Automatic;
				CURRENT_PROJECT_VERSION = 1;
				DEVELOPMENT_TEAM = G9D42NN7Q4;
				GENERATE_INFOPLIST_FILE = YES;
				IPHONEOS_DEPLOYMENT_TARGET = 17.0;
				MARKETING_VERSION = 1.0;
				PRODUCT_BUNDLE_IDENTIFIER = gaston.LandmarkTutorialTests;
				PRODUCT_NAME = "$(TARGET_NAME)";
				SWIFT_EMIT_LOC_STRINGS = NO;
				SWIFT_VERSION = 5.0;
				TARGETED_DEVICE_FAMILY = "1,2";
				TEST_HOST = "$(BUILT_PRODUCTS_DIR)/LandmarkTutorial.app/$(BUNDLE_EXECUTABLE_FOLDER_PATH)/LandmarkTutorial";
			};
			name = Release;
		};
		2E41A3F22AA653FA0032B4B5 /* Debug */ = {
			isa = XCBuildConfiguration;
			buildSettings = {
				ALWAYS_EMBED_SWIFT_STANDARD_LIBRARIES = YES;
				CODE_SIGN_STYLE = Automatic;
				CURRENT_PROJECT_VERSION = 1;
				DEVELOPMENT_TEAM = G9D42NN7Q4;
				GENERATE_INFOPLIST_FILE = YES;
				MARKETING_VERSION = 1.0;
				PRODUCT_BUNDLE_IDENTIFIER = gaston.LandmarkTutorialUITests;
				PRODUCT_NAME = "$(TARGET_NAME)";
				SWIFT_EMIT_LOC_STRINGS = NO;
				SWIFT_VERSION = 5.0;
				TARGETED_DEVICE_FAMILY = "1,2";
				TEST_TARGET_NAME = LandmarkTutorial;
			};
			name = Debug;
		};
		2E41A3F32AA653FA0032B4B5 /* Release */ = {
			isa = XCBuildConfiguration;
			buildSettings = {
				ALWAYS_EMBED_SWIFT_STANDARD_LIBRARIES = YES;
				CODE_SIGN_STYLE = Automatic;
				CURRENT_PROJECT_VERSION = 1;
				DEVELOPMENT_TEAM = G9D42NN7Q4;
				GENERATE_INFOPLIST_FILE = YES;
				MARKETING_VERSION = 1.0;
				PRODUCT_BUNDLE_IDENTIFIER = gaston.LandmarkTutorialUITests;
				PRODUCT_NAME = "$(TARGET_NAME)";
				SWIFT_EMIT_LOC_STRINGS = NO;
				SWIFT_VERSION = 5.0;
				TARGETED_DEVICE_FAMILY = "1,2";
				TEST_TARGET_NAME = LandmarkTutorial;
			};
			name = Release;
		};
/* End XCBuildConfiguration section */

/* Begin XCConfigurationList section */
		2E41A3C22AA653F70032B4B5 /* Build configuration list for PBXProject "LandmarkTutorial" */ = {
			isa = XCConfigurationList;
			buildConfigurations = (
				2E41A3E92AA653FA0032B4B5 /* Debug */,
				2E41A3EA2AA653FA0032B4B5 /* Release */,
			);
			defaultConfigurationIsVisible = 0;
			defaultConfigurationName = Release;
		};
		2E41A3EB2AA653FA0032B4B5 /* Build configuration list for PBXNativeTarget "LandmarkTutorial" */ = {
			isa = XCConfigurationList;
			buildConfigurations = (
				2E41A3EC2AA653FA0032B4B5 /* Debug */,
				2E41A3ED2AA653FA0032B4B5 /* Release */,
			);
			defaultConfigurationIsVisible = 0;
			defaultConfigurationName = Release;
		};
		2E41A3EE2AA653FA0032B4B5 /* Build configuration list for PBXNativeTarget "LandmarkTutorialTests" */ = {
			isa = XCConfigurationList;
			buildConfigurations = (
				2E41A3EF2AA653FA0032B4B5 /* Debug */,
				2E41A3F02AA653FA0032B4B5 /* Release */,
			);
			defaultConfigurationIsVisible = 0;
			defaultConfigurationName = Release;
		};
		2E41A3F12AA653FA0032B4B5 /* Build configuration list for PBXNativeTarget "LandmarkTutorialUITests" */ = {
			isa = XCConfigurationList;
			buildConfigurations = (
				2E41A3F22AA653FA0032B4B5 /* Debug */,
				2E41A3F32AA653FA0032B4B5 /* Release */,
			);
			defaultConfigurationIsVisible = 0;
			defaultConfigurationName = Release;
		};
/* End XCConfigurationList section */
	};
	rootObject = 2E41A3BF2AA653F70032B4B5 /* Project object */;
}
